// !$*UTF8*$!
{
	archiveVersion = 1;
	classes = {
	};
	objectVersion = 56;
	objects = {

/* Begin PBXBuildFile section */
		B723A9C95BD82F3118C9F304 /* Pods_StockApp2.framework in Frameworks */ = {isa = PBXBuildFile; fileRef = 27207D359E932A4796925F82 /* Pods_StockApp2.framework */; };
		D1961C122AE487B900343D29 /* AppDelegate.swift in Sources */ = {isa = PBXBuildFile; fileRef = D1961C112AE487B900343D29 /* AppDelegate.swift */; };
		D1961C142AE487B900343D29 /* SceneDelegate.swift in Sources */ = {isa = PBXBuildFile; fileRef = D1961C132AE487B900343D29 /* SceneDelegate.swift */; };
		D1961C162AE487B900343D29 /* ViewController.swift in Sources */ = {isa = PBXBuildFile; fileRef = D1961C152AE487B900343D29 /* ViewController.swift */; };
		D1961C192AE487B900343D29 /* Main.storyboard in Resources */ = {isa = PBXBuildFile; fileRef = D1961C172AE487B900343D29 /* Main.storyboard */; };
		D1961C1B2AE487BB00343D29 /* Assets.xcassets in Resources */ = {isa = PBXBuildFile; fileRef = D1961C1A2AE487BB00343D29 /* Assets.xcassets */; };
		D1961C1E2AE487BB00343D29 /* LaunchScreen.storyboard in Resources */ = {isa = PBXBuildFile; fileRef = D1961C1C2AE487BB00343D29 /* LaunchScreen.storyboard */; };
		D1961C282AE48D9300343D29 /* AddStockViewController.swift in Sources */ = {isa = PBXBuildFile; fileRef = D1961C272AE48D9300343D29 /* AddStockViewController.swift */; };
		D1961C2E2AE4937600343D29 /* Constants.swift in Sources */ = {isa = PBXBuildFile; fileRef = D1961C2D2AE4937600343D29 /* Constants.swift */; };
/* End PBXBuildFile section */

/* Begin PBXFileReference section */
		0514D532439571B51AF55CBA /* Pods-StockApp2.debug.xcconfig */ = {isa = PBXFileReference; includeInIndex = 1; lastKnownFileType = text.xcconfig; name = "Pods-StockApp2.debug.xcconfig"; path = "Target Support Files/Pods-StockApp2/Pods-StockApp2.debug.xcconfig"; sourceTree = "<group>"; };
		0D0BC80971163A5AD78B226F /* Pods-StockApp2.release.xcconfig */ = {isa = PBXFileReference; includeInIndex = 1; lastKnownFileType = text.xcconfig; name = "Pods-StockApp2.release.xcconfig"; path = "Target Support Files/Pods-StockApp2/Pods-StockApp2.release.xcconfig"; sourceTree = "<group>"; };
		27207D359E932A4796925F82 /* Pods_StockApp2.framework */ = {isa = PBXFileReference; explicitFileType = wrapper.framework; includeInIndex = 0; path = Pods_StockApp2.framework; sourceTree = BUILT_PRODUCTS_DIR; };
		D1961C0E2AE487B900343D29 /* StockApp2.app */ = {isa = PBXFileReference; explicitFileType = wrapper.application; includeInIndex = 0; path = StockApp2.app; sourceTree = BUILT_PRODUCTS_DIR; };
		D1961C112AE487B900343D29 /* AppDelegate.swift */ = {isa = PBXFileReference; lastKnownFileType = sourcecode.swift; path = AppDelegate.swift; sourceTree = "<group>"; };
		D1961C132AE487B900343D29 /* SceneDelegate.swift */ = {isa = PBXFileReference; lastKnownFileType = sourcecode.swift; path = SceneDelegate.swift; sourceTree = "<group>"; };
		D1961C152AE487B900343D29 /* ViewController.swift */ = {isa = PBXFileReference; lastKnownFileType = sourcecode.swift; path = ViewController.swift; sourceTree = "<group>"; };
		D1961C182AE487B900343D29 /* Base */ = {isa = PBXFileReference; lastKnownFileType = file.storyboard; name = Base; path = Base.lproj/Main.storyboard; sourceTree = "<group>"; };
		D1961C1A2AE487BB00343D29 /* Assets.xcassets */ = {isa = PBXFileReference; lastKnownFileType = folder.assetcatalog; path = Assets.xcassets; sourceTree = "<group>"; };
		D1961C1D2AE487BB00343D29 /* Base */ = {isa = PBXFileReference; lastKnownFileType = file.storyboard; name = Base; path = Base.lproj/LaunchScreen.storyboard; sourceTree = "<group>"; };
		D1961C1F2AE487BB00343D29 /* Info.plist */ = {isa = PBXFileReference; lastKnownFileType = text.plist.xml; path = Info.plist; sourceTree = "<group>"; };
		D1961C272AE48D9300343D29 /* AddStockViewController.swift */ = {isa = PBXFileReference; lastKnownFileType = sourcecode.swift; path = AddStockViewController.swift; sourceTree = "<group>"; };
		D1961C2D2AE4937600343D29 /* Constants.swift */ = {isa = PBXFileReference; lastKnownFileType = sourcecode.swift; path = Constants.swift; sourceTree = "<group>"; };
/* End PBXFileReference section */

/* Begin PBXFrameworksBuildPhase section */
		D1961C0B2AE487B900343D29 /* Frameworks */ = {
			isa = PBXFrameworksBuildPhase;
			buildActionMask = 2147483647;
			files = (
				B723A9C95BD82F3118C9F304 /* Pods_StockApp2.framework in Frameworks */,
			);
			runOnlyForDeploymentPostprocessing = 0;
		};
/* End PBXFrameworksBuildPhase section */

/* Begin PBXGroup section */
		40652E289840401BDA629607 /* Frameworks */ = {
			isa = PBXGroup;
			children = (
				27207D359E932A4796925F82 /* Pods_StockApp2.framework */,
			);
			name = Frameworks;
			sourceTree = "<group>";
		};
		D1961C052AE487B900343D29 = {
			isa = PBXGroup;
			children = (
				D1961C102AE487B900343D29 /* StockApp2 */,
				D1961C0F2AE487B900343D29 /* Products */,
				EE4F060F26444D3739815639 /* Pods */,
				40652E289840401BDA629607 /* Frameworks */,
			);
			sourceTree = "<group>";
		};
		D1961C0F2AE487B900343D29 /* Products */ = {
			isa = PBXGroup;
			children = (
				D1961C0E2AE487B900343D29 /* StockApp2.app */,
			);
			name = Products;
			sourceTree = "<group>";
		};
		D1961C102AE487B900343D29 /* StockApp2 */ = {
			isa = PBXGroup;
			children = (
				D1961C292AE4933100343D29 /* Utils */,
				D1961C112AE487B900343D29 /* AppDelegate.swift */,
				D1961C132AE487B900343D29 /* SceneDelegate.swift */,
				D1961C152AE487B900343D29 /* ViewController.swift */,
				D1961C172AE487B900343D29 /* Main.storyboard */,
				D1961C1A2AE487BB00343D29 /* Assets.xcassets */,
				D1961C1C2AE487BB00343D29 /* LaunchScreen.storyboard */,
				D1961C1F2AE487BB00343D29 /* Info.plist */,
				D1961C272AE48D9300343D29 /* AddStockViewController.swift */,
			);
			path = StockApp2;
			sourceTree = "<group>";
		};
		D1961C292AE4933100343D29 /* Utils */ = {
			isa = PBXGroup;
			children = (
				D1961C2D2AE4937600343D29 /* Constants.swift */,
			);
			path = Utils;
			sourceTree = "<group>";
		};
		EE4F060F26444D3739815639 /* Pods */ = {
			isa = PBXGroup;
			children = (
				0514D532439571B51AF55CBA /* Pods-StockApp2.debug.xcconfig */,
				0D0BC80971163A5AD78B226F /* Pods-StockApp2.release.xcconfig */,
			);
			path = Pods;
			sourceTree = "<group>";
		};
/* End PBXGroup section */

/* Begin PBXNativeTarget section */
		D1961C0D2AE487B900343D29 /* StockApp2 */ = {
			isa = PBXNativeTarget;
			buildConfigurationList = D1961C222AE487BB00343D29 /* Build configuration list for PBXNativeTarget "StockApp2" */;
			buildPhases = (
				BD3C8995785104ECAE2E4035 /* [CP] Check Pods Manifest.lock */,
				D1961C0A2AE487B900343D29 /* Sources */,
				D1961C0B2AE487B900343D29 /* Frameworks */,
				D1961C0C2AE487B900343D29 /* Resources */,
				0EAEFB4CD9A580AF7BCA22AB /* [CP] Embed Pods Frameworks */,
			);
			buildRules = (
			);
			dependencies = (
			);
			name = StockApp2;
			productName = StockApp2;
			productReference = D1961C0E2AE487B900343D29 /* StockApp2.app */;
			productType = "com.apple.product-type.application";
		};
/* End PBXNativeTarget section */

/* Begin PBXProject section */
		D1961C062AE487B900343D29 /* Project object */ = {
			isa = PBXProject;
			attributes = {
				BuildIndependentTargetsInParallel = 1;
				LastSwiftUpdateCheck = 1500;
				LastUpgradeCheck = 1500;
				TargetAttributes = {
					D1961C0D2AE487B900343D29 = {
						CreatedOnToolsVersion = 15.0.1;
					};
				};
			};
			buildConfigurationList = D1961C092AE487B900343D29 /* Build configuration list for PBXProject "StockApp2" */;
			compatibilityVersion = "Xcode 14.0";
			developmentRegion = en;
			hasScannedForEncodings = 0;
			knownRegions = (
				en,
				Base,
			);
			mainGroup = D1961C052AE487B900343D29;
			productRefGroup = D1961C0F2AE487B900343D29 /* Products */;
			projectDirPath = "";
			projectRoot = "";
			targets = (
				D1961C0D2AE487B900343D29 /* StockApp2 */,
			);
		};
/* End PBXProject section */

/* Begin PBXResourcesBuildPhase section */
		D1961C0C2AE487B900343D29 /* Resources */ = {
			isa = PBXResourcesBuildPhase;
			buildActionMask = 2147483647;
			files = (
				D1961C1E2AE487BB00343D29 /* LaunchScreen.storyboard in Resources */,
				D1961C1B2AE487BB00343D29 /* Assets.xcassets in Resources */,
				D1961C192AE487B900343D29 /* Main.storyboard in Resources */,
			);
			runOnlyForDeploymentPostprocessing = 0;
		};
/* End PBXResourcesBuildPhase section */

/* Begin PBXShellScriptBuildPhase section */
		0EAEFB4CD9A580AF7BCA22AB /* [CP] Embed Pods Frameworks */ = {
			isa = PBXShellScriptBuildPhase;
			buildActionMask = 2147483647;
			files = (
			);
			inputFileListPaths = (
				"${PODS_ROOT}/Target Support Files/Pods-StockApp2/Pods-StockApp2-frameworks-${CONFIGURATION}-input-files.xcfilelist",
			);
			name = "[CP] Embed Pods Frameworks";
			outputFileListPaths = (
				"${PODS_ROOT}/Target Support Files/Pods-StockApp2/Pods-StockApp2-frameworks-${CONFIGURATION}-output-files.xcfilelist",
			);
			runOnlyForDeploymentPostprocessing = 0;
			shellPath = /bin/sh;
			shellScript = "\"${PODS_ROOT}/Target Support Files/Pods-StockApp2/Pods-StockApp2-frameworks.sh\"\n";
			showEnvVarsInLog = 0;
		};
		BD3C8995785104ECAE2E4035 /* [CP] Check Pods Manifest.lock */ = {
			isa = PBXShellScriptBuildPhase;
			buildActionMask = 2147483647;
			files = (
			);
			inputFileListPaths = (
			);
			inputPaths = (
				"${PODS_PODFILE_DIR_PATH}/Podfile.lock",
				"${PODS_ROOT}/Manifest.lock",
			);
			name = "[CP] Check Pods Manifest.lock";
			outputFileListPaths = (
			);
			outputPaths = (
				"$(DERIVED_FILE_DIR)/Pods-StockApp2-checkManifestLockResult.txt",
			);
			runOnlyForDeploymentPostprocessing = 0;
			shellPath = /bin/sh;
			shellScript = "diff \"${PODS_PODFILE_DIR_PATH}/Podfile.lock\" \"${PODS_ROOT}/Manifest.lock\" > /dev/null\nif [ $? != 0 ] ; then\n    # print error to STDERR\n    echo \"error: The sandbox is not in sync with the Podfile.lock. Run 'pod install' or update your CocoaPods installation.\" >&2\n    exit 1\nfi\n# This output is used by Xcode 'outputs' to avoid re-running this script phase.\necho \"SUCCESS\" > \"${SCRIPT_OUTPUT_FILE_0}\"\n";
			showEnvVarsInLog = 0;
		};
/* End PBXShellScriptBuildPhase section */

/* Begin PBXSourcesBuildPhase section */
		D1961C0A2AE487B900343D29 /* Sources */ = {
			isa = PBXSourcesBuildPhase;
			buildActionMask = 2147483647;
			files = (
				D1961C2E2AE4937600343D29 /* Constants.swift in Sources */,
				D1961C162AE487B900343D29 /* ViewController.swift in Sources */,
				D1961C122AE487B900343D29 /* AppDelegate.swift in Sources */,
				D1961C142AE487B900343D29 /* SceneDelegate.swift in Sources */,
				D1961C282AE48D9300343D29 /* AddStockViewController.swift in Sources */,
			);
			runOnlyForDeploymentPostprocessing = 0;
		};
/* End PBXSourcesBuildPhase section */

/* Begin PBXVariantGroup section */
		D1961C172AE487B900343D29 /* Main.storyboard */ = {
			isa = PBXVariantGroup;
			children = (
				D1961C182AE487B900343D29 /* Base */,
			);
			name = Main.storyboard;
			sourceTree = "<group>";
		};
		D1961C1C2AE487BB00343D29 /* LaunchScreen.storyboard */ = {
			isa = PBXVariantGroup;
			children = (
				D1961C1D2AE487BB00343D29 /* Base */,
			);
			name = LaunchScreen.storyboard;
			sourceTree = "<group>";
		};
/* End PBXVariantGroup section */

/* Begin XCBuildConfiguration section */
		D1961C202AE487BB00343D29 /* Debug */ = {
			isa = XCBuildConfiguration;
			buildSettings = {
				ALWAYS_SEARCH_USER_PATHS = NO;
				ASSETCATALOG_COMPILER_GENERATE_SWIFT_ASSET_SYMBOL_EXTENSIONS = YES;
				CLANG_ANALYZER_NONNULL = YES;
				CLANG_ANALYZER_NUMBER_OBJECT_CONVERSION = YES_AGGRESSIVE;
				CLANG_CXX_LANGUAGE_STANDARD = "gnu++20";
				CLANG_ENABLE_MODULES = YES;
				CLANG_ENABLE_OBJC_ARC = YES;
				CLANG_ENABLE_OBJC_WEAK = YES;
				CLANG_WARN_BLOCK_CAPTURE_AUTORELEASING = YES;
				CLANG_WARN_BOOL_CONVERSION = YES;
				CLANG_WARN_COMMA = YES;
				CLANG_WARN_CONSTANT_CONVERSION = YES;
				CLANG_WARN_DEPRECATED_OBJC_IMPLEMENTATIONS = YES;
				CLANG_WARN_DIRECT_OBJC_ISA_USAGE = YES_ERROR;
				CLANG_WARN_DOCUMENTATION_COMMENTS = YES;
				CLANG_WARN_EMPTY_BODY = YES;
				CLANG_WARN_ENUM_CONVERSION = YES;
				CLANG_WARN_INFINITE_RECURSION = YES;
				CLANG_WARN_INT_CONVERSION = YES;
				CLANG_WARN_NON_LITERAL_NULL_CONVERSION = YES;
				CLANG_WARN_OBJC_IMPLICIT_RETAIN_SELF = YES;
				CLANG_WARN_OBJC_LITERAL_CONVERSION = YES;
				CLANG_WARN_OBJC_ROOT_CLASS = YES_ERROR;
				CLANG_WARN_QUOTED_INCLUDE_IN_FRAMEWORK_HEADER = YES;
				CLANG_WARN_RANGE_LOOP_ANALYSIS = YES;
				CLANG_WARN_STRICT_PROTOTYPES = YES;
				CLANG_WARN_SUSPICIOUS_MOVE = YES;
				CLANG_WARN_UNGUARDED_AVAILABILITY = YES_AGGRESSIVE;
				CLANG_WARN_UNREACHABLE_CODE = YES;
				CLANG_WARN__DUPLICATE_METHOD_MATCH = YES;
				COPY_PHASE_STRIP = NO;
				DEBUG_INFORMATION_FORMAT = dwarf;
				ENABLE_STRICT_OBJC_MSGSEND = YES;
				ENABLE_TESTABILITY = YES;
				ENABLE_USER_SCRIPT_SANDBOXING = YES;
				GCC_C_LANGUAGE_STANDARD = gnu17;
				GCC_DYNAMIC_NO_PIC = NO;
				GCC_NO_COMMON_BLOCKS = YES;
				GCC_OPTIMIZATION_LEVEL = 0;
				GCC_PREPROCESSOR_DEFINITIONS = (
					"DEBUG=1",
					"$(inherited)",
				);
				GCC_WARN_64_TO_32_BIT_CONVERSION = YES;
				GCC_WARN_ABOUT_RETURN_TYPE = YES_ERROR;
				GCC_WARN_UNDECLARED_SELECTOR = YES;
				GCC_WARN_UNINITIALIZED_AUTOS = YES_AGGRESSIVE;
				GCC_WARN_UNUSED_FUNCTION = YES;
				GCC_WARN_UNUSED_VARIABLE = YES;
				IPHONEOS_DEPLOYMENT_TARGET = 17.0;
				LOCALIZATION_PREFERS_STRING_CATALOGS = YES;
				MTL_ENABLE_DEBUG_INFO = INCLUDE_SOURCE;
				MTL_FAST_MATH = YES;
				ONLY_ACTIVE_ARCH = YES;
				SDKROOT = iphoneos;
				SWIFT_ACTIVE_COMPILATION_CONDITIONS = "DEBUG $(inherited)";
				SWIFT_OPTIMIZATION_LEVEL = "-Onone";
			};
			name = Debug;
		};
		D1961C212AE487BB00343D29 /* Release */ = {
			isa = XCBuildConfiguration;
			buildSettings = {
				ALWAYS_SEARCH_USER_PATHS = NO;
				ASSETCATALOG_COMPILER_GENERATE_SWIFT_ASSET_SYMBOL_EXTENSIONS = YES;
				CLANG_ANALYZER_NONNULL = YES;
				CLANG_ANALYZER_NUMBER_OBJECT_CONVERSION = YES_AGGRESSIVE;
				CLANG_CXX_LANGUAGE_STANDARD = "gnu++20";
				CLANG_ENABLE_MODULES = YES;
				CLANG_ENABLE_OBJC_ARC = YES;
				CLANG_ENABLE_OBJC_WEAK = YES;
				CLANG_WARN_BLOCK_CAPTURE_AUTORELEASING = YES;
				CLANG_WARN_BOOL_CONVERSION = YES;
				CLANG_WARN_COMMA = YES;
				CLANG_WARN_CONSTANT_CONVERSION = YES;
				CLANG_WARN_DEPRECATED_OBJC_IMPLEMENTATIONS = YES;
				CLANG_WARN_DIRECT_OBJC_ISA_USAGE = YES_ERROR;
				CLANG_WARN_DOCUMENTATION_COMMENTS = YES;
				CLANG_WARN_EMPTY_BODY = YES;
				CLANG_WARN_ENUM_CONVERSION = YES;
				CLANG_WARN_INFINITE_RECURSION = YES;
				CLANG_WARN_INT_CONVERSION = YES;
				CLANG_WARN_NON_LITERAL_NULL_CONVERSION = YES;
				CLANG_WARN_OBJC_IMPLICIT_RETAIN_SELF = YES;
				CLANG_WARN_OBJC_LITERAL_CONVERSION = YES;
				CLANG_WARN_OBJC_ROOT_CLASS = YES_ERROR;
				CLANG_WARN_QUOTED_INCLUDE_IN_FRAMEWORK_HEADER = YES;
				CLANG_WARN_RANGE_LOOP_ANALYSIS = YES;
				CLANG_WARN_STRICT_PROTOTYPES = YES;
				CLANG_WARN_SUSPICIOUS_MOVE = YES;
				CLANG_WARN_UNGUARDED_AVAILABILITY = YES_AGGRESSIVE;
				CLANG_WARN_UNREACHABLE_CODE = YES;
				CLANG_WARN__DUPLICATE_METHOD_MATCH = YES;
				COPY_PHASE_STRIP = NO;
				DEBUG_INFORMATION_FORMAT = "dwarf-with-dsym";
				ENABLE_NS_ASSERTIONS = NO;
				ENABLE_STRICT_OBJC_MSGSEND = YES;
				ENABLE_USER_SCRIPT_SANDBOXING = YES;
				GCC_C_LANGUAGE_STANDARD = gnu17;
				GCC_NO_COMMON_BLOCKS = YES;
				GCC_WARN_64_TO_32_BIT_CONVERSION = YES;
				GCC_WARN_ABOUT_RETURN_TYPE = YES_ERROR;
				GCC_WARN_UNDECLARED_SELECTOR = YES;
				GCC_WARN_UNINITIALIZED_AUTOS = YES_AGGRESSIVE;
				GCC_WARN_UNUSED_FUNCTION = YES;
				GCC_WARN_UNUSED_VARIABLE = YES;
				IPHONEOS_DEPLOYMENT_TARGET = 17.0;
				LOCALIZATION_PREFERS_STRING_CATALOGS = YES;
				MTL_ENABLE_DEBUG_INFO = NO;
				MTL_FAST_MATH = YES;
				SDKROOT = iphoneos;
				SWIFT_COMPILATION_MODE = wholemodule;
				VALIDATE_PRODUCT = YES;
			};
			name = Release;
		};
		D1961C232AE487BB00343D29 /* Debug */ = {
			isa = XCBuildConfiguration;
			baseConfigurationReference = 0514D532439571B51AF55CBA /* Pods-StockApp2.debug.xcconfig */;
			buildSettings = {
				ASSETCATALOG_COMPILER_APPICON_NAME = AppIcon;
				ASSETCATALOG_COMPILER_GLOBAL_ACCENT_COLOR_NAME = AccentColor;
				CODE_SIGN_STYLE = Automatic;
				CURRENT_PROJECT_VERSION = 1;
				ENABLE_USER_SCRIPT_SANDBOXING = NO;
				GENERATE_INFOPLIST_FILE = YES;
				INFOPLIST_FILE = StockApp2/Info.plist;
				INFOPLIST_KEY_UIApplicationSupportsIndirectInputEvents = YES;
				INFOPLIST_KEY_UILaunchStoryboardName = LaunchScreen;
				INFOPLIST_KEY_UIMainStoryboardFile = Main;
				INFOPLIST_KEY_UISupportedInterfaceOrientations_iPad = "UIInterfaceOrientationPortrait UIInterfaceOrientationPortraitUpsideDown UIInterfaceOrientationLandscapeLeft UIInterfaceOrientationLandscapeRight";
				INFOPLIST_KEY_UISupportedInterfaceOrientations_iPhone = "UIInterfaceOrientationPortrait UIInterfaceOrientationLandscapeLeft UIInterfaceOrientationLandscapeRight";
				LD_RUNPATH_SEARCH_PATHS = (
					"$(inherited)",
					"@executable_path/Frameworks",
				);
				MARKETING_VERSION = 1.0;
				PRODUCT_BUNDLE_IDENTIFIER = bao.yiy.northeastern.edu.StockApp2;
				PRODUCT_NAME = "$(TARGET_NAME)";
				STRIP_INSTALLED_PRODUCT = YES;
				SWIFT_EMIT_LOC_STRINGS = YES;
				SWIFT_VERSION = 5.0;
				TARGETED_DEVICE_FAMILY = "1,2";
				USE_RECURSIVE_SCRIPT_INPUTS_IN_SCRIPT_PHASES = YES;
			};
			name = Debug;
		};
		D1961C242AE487BB00343D29 /* Release */ = {
			isa = XCBuildConfiguration;
			baseConfigurationReference = 0D0BC80971163A5AD78B226F /* Pods-StockApp2.release.xcconfig */;
			buildSettings = {
				ASSETCATALOG_COMPILER_APPICON_NAME = AppIcon;
				ASSETCATALOG_COMPILER_GLOBAL_ACCENT_COLOR_NAME = AccentColor;
				CODE_SIGN_STYLE = Automatic;
				CURRENT_PROJECT_VERSION = 1;
				ENABLE_USER_SCRIPT_SANDBOXING = NO;
				GENERATE_INFOPLIST_FILE = YES;
				INFOPLIST_FILE = StockApp2/Info.plist;
				INFOPLIST_KEY_UIApplicationSupportsIndirectInputEvents = YES;
				INFOPLIST_KEY_UILaunchStoryboardName = LaunchScreen;
				INFOPLIST_KEY_UIMainStoryboardFile = Main;
				INFOPLIST_KEY_UISupportedInterfaceOrientations_iPad = "UIInterfaceOrientationPortrait UIInterfaceOrientationPortraitUpsideDown UIInterfaceOrientationLandscapeLeft UIInterfaceOrientationLandscapeRight";
				INFOPLIST_KEY_UISupportedInterfaceOrientations_iPhone = "UIInterfaceOrientationPortrait UIInterfaceOrientationLandscapeLeft UIInterfaceOrientationLandscapeRight";
				LD_RUNPATH_SEARCH_PATHS = (
					"$(inherited)",
					"@executable_path/Frameworks",
				);
				MARKETING_VERSION = 1.0;
				PRODUCT_BUNDLE_IDENTIFIER = bao.yiy.northeastern.edu.StockApp2;
				PRODUCT_NAME = "$(TARGET_NAME)";
				STRIP_INSTALLED_PRODUCT = YES;
				SWIFT_EMIT_LOC_STRINGS = YES;
				SWIFT_VERSION = 5.0;
				TARGETED_DEVICE_FAMILY = "1,2";
				USE_RECURSIVE_SCRIPT_INPUTS_IN_SCRIPT_PHASES = YES;
			};
			name = Release;
		};
/* End XCBuildConfiguration section */

/* Begin XCConfigurationList section */
		D1961C092AE487B900343D29 /* Build configuration list for PBXProject "StockApp2" */ = {
			isa = XCConfigurationList;
			buildConfigurations = (
				D1961C202AE487BB00343D29 /* Debug */,
				D1961C212AE487BB00343D29 /* Release */,
			);
			defaultConfigurationIsVisible = 0;
			defaultConfigurationName = Release;
		};
		D1961C222AE487BB00343D29 /* Build configuration list for PBXNativeTarget "StockApp2" */ = {
			isa = XCConfigurationList;
			buildConfigurations = (
				D1961C232AE487BB00343D29 /* Debug */,
				D1961C242AE487BB00343D29 /* Release */,
			);
			defaultConfigurationIsVisible = 0;
			defaultConfigurationName = Release;
		};
/* End XCConfigurationList section */
	};
	rootObject = D1961C062AE487B900343D29 /* Project object */;
}
